// !$*UTF8*$!
{
	archiveVersion = 1;
	classes = {
	};
	objectVersion = 56;
	objects = {

/* Begin PBXBuildFile section */
		130BF0D029EFB7ED00EBEC32 /* iRecipeApp.swift in Sources */ = {isa = PBXBuildFile; fileRef = 130BF0CF29EFB7ED00EBEC32 /* iRecipeApp.swift */; };
		130BF0D429EFB7EF00EBEC32 /* Assets.xcassets in Resources */ = {isa = PBXBuildFile; fileRef = 130BF0D329EFB7EF00EBEC32 /* Assets.xcassets */; };
		130BF0D729EFB7EF00EBEC32 /* Preview Assets.xcassets in Resources */ = {isa = PBXBuildFile; fileRef = 130BF0D629EFB7EF00EBEC32 /* Preview Assets.xcassets */; };
		130BF0DE29EFB8E500EBEC32 /* TabBarNavigation.swift in Sources */ = {isa = PBXBuildFile; fileRef = 130BF0DD29EFB8E500EBEC32 /* TabBarNavigation.swift */; };
		130BF0E029EFB93E00EBEC32 /* CategoriesView.swift in Sources */ = {isa = PBXBuildFile; fileRef = 130BF0DF29EFB93E00EBEC32 /* CategoriesView.swift */; };
		130BF0E229EFB95200EBEC32 /* RandomView.swift in Sources */ = {isa = PBXBuildFile; fileRef = 130BF0E129EFB95200EBEC32 /* RandomView.swift */; };
		130BF0E429EFB96500EBEC32 /* SavedView.swift in Sources */ = {isa = PBXBuildFile; fileRef = 130BF0E329EFB96500EBEC32 /* SavedView.swift */; };
		130BF0E629EFC22F00EBEC32 /* MealResponse.swift in Sources */ = {isa = PBXBuildFile; fileRef = 130BF0E529EFC22F00EBEC32 /* MealResponse.swift */; };
		130BF0E829EFC3F500EBEC32 /* CategoriesResponse.swift in Sources */ = {isa = PBXBuildFile; fileRef = 130BF0E729EFC3F500EBEC32 /* CategoriesResponse.swift */; };
		130BF0EB29EFD0B500EBEC32 /* Alamofire in Frameworks */ = {isa = PBXBuildFile; productRef = 130BF0EA29EFD0B500EBEC32 /* Alamofire */; };
		130BF0ED29EFD12600EBEC32 /* NetworkService.swift in Sources */ = {isa = PBXBuildFile; fileRef = 130BF0EC29EFD12600EBEC32 /* NetworkService.swift */; };
		130BF0EF29EFD2A400EBEC32 /* CategoryViewModel.swift in Sources */ = {isa = PBXBuildFile; fileRef = 130BF0EE29EFD2A400EBEC32 /* CategoryViewModel.swift */; };
		130BF0F129EFD6E000EBEC32 /* RandomViewModel.swift in Sources */ = {isa = PBXBuildFile; fileRef = 130BF0F029EFD6E000EBEC32 /* RandomViewModel.swift */; };
		130BF0F429EFDC3800EBEC32 /* Kingfisher in Frameworks */ = {isa = PBXBuildFile; productRef = 130BF0F329EFDC3800EBEC32 /* Kingfisher */; };
		13AB1E8E29F02844006DBA7C /* MealView.swift in Sources */ = {isa = PBXBuildFile; fileRef = 13AB1E8D29F02844006DBA7C /* MealView.swift */; };
		13C4055229F10F0900CC5140 /* MealViewModel.swift in Sources */ = {isa = PBXBuildFile; fileRef = 13C4055129F10F0900CC5140 /* MealViewModel.swift */; };
		13C4055429F1152A00CC5140 /* MealListResponse.swift in Sources */ = {isa = PBXBuildFile; fileRef = 13C4055329F1152A00CC5140 /* MealListResponse.swift */; };
		13C4055629F1185C00CC5140 /* MealsListView.swift in Sources */ = {isa = PBXBuildFile; fileRef = 13C4055529F1185C00CC5140 /* MealsListView.swift */; };
		13C4055829F1186E00CC5140 /* MealsListViewModel.swift in Sources */ = {isa = PBXBuildFile; fileRef = 13C4055729F1186E00CC5140 /* MealsListViewModel.swift */; };
		13C4056529F1703B00CC5140 /* Realm in Frameworks */ = {isa = PBXBuildFile; productRef = 13C4056429F1703B00CC5140 /* Realm */; };
		13C4056729F1703B00CC5140 /* RealmSwift in Frameworks */ = {isa = PBXBuildFile; productRef = 13C4056629F1703B00CC5140 /* RealmSwift */; };
/* End PBXBuildFile section */

/* Begin PBXFileReference section */
		130BF0CC29EFB7ED00EBEC32 /* iRecipe.app */ = {isa = PBXFileReference; explicitFileType = wrapper.application; includeInIndex = 0; path = iRecipe.app; sourceTree = BUILT_PRODUCTS_DIR; };
		130BF0CF29EFB7ED00EBEC32 /* iRecipeApp.swift */ = {isa = PBXFileReference; lastKnownFileType = sourcecode.swift; path = iRecipeApp.swift; sourceTree = "<group>"; };
		130BF0D329EFB7EF00EBEC32 /* Assets.xcassets */ = {isa = PBXFileReference; lastKnownFileType = folder.assetcatalog; path = Assets.xcassets; sourceTree = "<group>"; };
		130BF0D629EFB7EF00EBEC32 /* Preview Assets.xcassets */ = {isa = PBXFileReference; lastKnownFileType = folder.assetcatalog; path = "Preview Assets.xcassets"; sourceTree = "<group>"; };
		130BF0DD29EFB8E500EBEC32 /* TabBarNavigation.swift */ = {isa = PBXFileReference; lastKnownFileType = sourcecode.swift; path = TabBarNavigation.swift; sourceTree = "<group>"; };
		130BF0DF29EFB93E00EBEC32 /* CategoriesView.swift */ = {isa = PBXFileReference; lastKnownFileType = sourcecode.swift; path = CategoriesView.swift; sourceTree = "<group>"; };
		130BF0E129EFB95200EBEC32 /* RandomView.swift */ = {isa = PBXFileReference; lastKnownFileType = sourcecode.swift; path = RandomView.swift; sourceTree = "<group>"; };
		130BF0E329EFB96500EBEC32 /* SavedView.swift */ = {isa = PBXFileReference; lastKnownFileType = sourcecode.swift; path = SavedView.swift; sourceTree = "<group>"; };
		130BF0E529EFC22F00EBEC32 /* MealResponse.swift */ = {isa = PBXFileReference; lastKnownFileType = sourcecode.swift; path = MealResponse.swift; sourceTree = "<group>"; };
		130BF0E729EFC3F500EBEC32 /* CategoriesResponse.swift */ = {isa = PBXFileReference; lastKnownFileType = sourcecode.swift; path = CategoriesResponse.swift; sourceTree = "<group>"; };
		130BF0EC29EFD12600EBEC32 /* NetworkService.swift */ = {isa = PBXFileReference; lastKnownFileType = sourcecode.swift; path = NetworkService.swift; sourceTree = "<group>"; };
		130BF0EE29EFD2A400EBEC32 /* CategoryViewModel.swift */ = {isa = PBXFileReference; lastKnownFileType = sourcecode.swift; path = CategoryViewModel.swift; sourceTree = "<group>"; };
		130BF0F029EFD6E000EBEC32 /* RandomViewModel.swift */ = {isa = PBXFileReference; lastKnownFileType = sourcecode.swift; path = RandomViewModel.swift; sourceTree = "<group>"; };
		13AB1E8D29F02844006DBA7C /* MealView.swift */ = {isa = PBXFileReference; lastKnownFileType = sourcecode.swift; path = MealView.swift; sourceTree = "<group>"; };
		13C4055129F10F0900CC5140 /* MealViewModel.swift */ = {isa = PBXFileReference; lastKnownFileType = sourcecode.swift; path = MealViewModel.swift; sourceTree = "<group>"; };
		13C4055329F1152A00CC5140 /* MealListResponse.swift */ = {isa = PBXFileReference; lastKnownFileType = sourcecode.swift; path = MealListResponse.swift; sourceTree = "<group>"; };
		13C4055529F1185C00CC5140 /* MealsListView.swift */ = {isa = PBXFileReference; lastKnownFileType = sourcecode.swift; path = MealsListView.swift; sourceTree = "<group>"; };
		13C4055729F1186E00CC5140 /* MealsListViewModel.swift */ = {isa = PBXFileReference; lastKnownFileType = sourcecode.swift; path = MealsListViewModel.swift; sourceTree = "<group>"; };
/* End PBXFileReference section */

/* Begin PBXFrameworksBuildPhase section */
		130BF0C929EFB7ED00EBEC32 /* Frameworks */ = {
			isa = PBXFrameworksBuildPhase;
			buildActionMask = 2147483647;
			files = (
				13C4056729F1703B00CC5140 /* RealmSwift in Frameworks */,
				13C4056529F1703B00CC5140 /* Realm in Frameworks */,
				130BF0F429EFDC3800EBEC32 /* Kingfisher in Frameworks */,
				130BF0EB29EFD0B500EBEC32 /* Alamofire in Frameworks */,
			);
			runOnlyForDeploymentPostprocessing = 0;
		};
/* End PBXFrameworksBuildPhase section */

/* Begin PBXGroup section */
		130BF0C329EFB7ED00EBEC32 = {
			isa = PBXGroup;
			children = (
				130BF0CE29EFB7ED00EBEC32 /* iRecipe */,
				130BF0CD29EFB7ED00EBEC32 /* Products */,
			);
			sourceTree = "<group>";
		};
		130BF0CD29EFB7ED00EBEC32 /* Products */ = {
			isa = PBXGroup;
			children = (
				130BF0CC29EFB7ED00EBEC32 /* iRecipe.app */,
			);
			name = Products;
			sourceTree = "<group>";
		};
		130BF0CE29EFB7ED00EBEC32 /* iRecipe */ = {
			isa = PBXGroup;
			children = (
				13C4054F29F10E0700CC5140 /* Lifecycle */,
				13C4054C29F10DB600CC5140 /* Views */,
				13C4054E29F10DC900CC5140 /* ViewModels */,
				13C4054D29F10DBC00CC5140 /* Models */,
				13C4055029F10E8900CC5140 /* Networking */,
				130BF0D329EFB7EF00EBEC32 /* Assets.xcassets */,
				130BF0D529EFB7EF00EBEC32 /* Preview Content */,
			);
			path = iRecipe;
			sourceTree = "<group>";
		};
		130BF0D529EFB7EF00EBEC32 /* Preview Content */ = {
			isa = PBXGroup;
			children = (
				130BF0D629EFB7EF00EBEC32 /* Preview Assets.xcassets */,
			);
			path = "Preview Content";
			sourceTree = "<group>";
		};
		13C4054C29F10DB600CC5140 /* Views */ = {
			isa = PBXGroup;
			children = (
				130BF0DD29EFB8E500EBEC32 /* TabBarNavigation.swift */,
				130BF0DF29EFB93E00EBEC32 /* CategoriesView.swift */,
				13C4055529F1185C00CC5140 /* MealsListView.swift */,
				130BF0E129EFB95200EBEC32 /* RandomView.swift */,
				13AB1E8D29F02844006DBA7C /* MealView.swift */,
				130BF0E329EFB96500EBEC32 /* SavedView.swift */,
			);
			path = Views;
			sourceTree = "<group>";
		};
		13C4054D29F10DBC00CC5140 /* Models */ = {
			isa = PBXGroup;
			children = (
				130BF0E529EFC22F00EBEC32 /* MealResponse.swift */,
				130BF0E729EFC3F500EBEC32 /* CategoriesResponse.swift */,
				13C4055329F1152A00CC5140 /* MealListResponse.swift */,
			);
			path = Models;
			sourceTree = "<group>";
		};
		13C4054E29F10DC900CC5140 /* ViewModels */ = {
			isa = PBXGroup;
			children = (
				130BF0EE29EFD2A400EBEC32 /* CategoryViewModel.swift */,
				130BF0F029EFD6E000EBEC32 /* RandomViewModel.swift */,
				13C4055129F10F0900CC5140 /* MealViewModel.swift */,
				13C4055729F1186E00CC5140 /* MealsListViewModel.swift */,
			);
			path = ViewModels;
			sourceTree = "<group>";
		};
		13C4054F29F10E0700CC5140 /* Lifecycle */ = {
			isa = PBXGroup;
			children = (
				130BF0CF29EFB7ED00EBEC32 /* iRecipeApp.swift */,
			);
			path = Lifecycle;
			sourceTree = "<group>";
		};
		13C4055029F10E8900CC5140 /* Networking */ = {
			isa = PBXGroup;
			children = (
				130BF0EC29EFD12600EBEC32 /* NetworkService.swift */,
			);
			path = Networking;
			sourceTree = "<group>";
		};
/* End PBXGroup section */

/* Begin PBXNativeTarget section */
		130BF0CB29EFB7ED00EBEC32 /* iRecipe */ = {
			isa = PBXNativeTarget;
			buildConfigurationList = 130BF0DA29EFB7EF00EBEC32 /* Build configuration list for PBXNativeTarget "iRecipe" */;
			buildPhases = (
				130BF0C829EFB7ED00EBEC32 /* Sources */,
				130BF0C929EFB7ED00EBEC32 /* Frameworks */,
				130BF0CA29EFB7ED00EBEC32 /* Resources */,
			);
			buildRules = (
			);
			dependencies = (
			);
			name = iRecipe;
			packageProductDependencies = (
				130BF0EA29EFD0B500EBEC32 /* Alamofire */,
				130BF0F329EFDC3800EBEC32 /* Kingfisher */,
				13C4056429F1703B00CC5140 /* Realm */,
				13C4056629F1703B00CC5140 /* RealmSwift */,
			);
			productName = iRecipe;
			productReference = 130BF0CC29EFB7ED00EBEC32 /* iRecipe.app */;
			productType = "com.apple.product-type.application";
		};
/* End PBXNativeTarget section */

/* Begin PBXProject section */
		130BF0C429EFB7ED00EBEC32 /* Project object */ = {
			isa = PBXProject;
			attributes = {
				BuildIndependentTargetsInParallel = 1;
				LastSwiftUpdateCheck = 1410;
				LastUpgradeCheck = 1410;
				TargetAttributes = {
					130BF0CB29EFB7ED00EBEC32 = {
						CreatedOnToolsVersion = 14.1;
					};
				};
			};
			buildConfigurationList = 130BF0C729EFB7ED00EBEC32 /* Build configuration list for PBXProject "iRecipe" */;
			compatibilityVersion = "Xcode 14.0";
			developmentRegion = en;
			hasScannedForEncodings = 0;
			knownRegions = (
				en,
				Base,
			);
			mainGroup = 130BF0C329EFB7ED00EBEC32;
			packageReferences = (
				130BF0E929EFD0B500EBEC32 /* XCRemoteSwiftPackageReference "Alamofire" */,
				130BF0F229EFDC3800EBEC32 /* XCRemoteSwiftPackageReference "Kingfisher" */,
				13C4056329F1703B00CC5140 /* XCRemoteSwiftPackageReference "realm-swift" */,
			);
			productRefGroup = 130BF0CD29EFB7ED00EBEC32 /* Products */;
			projectDirPath = "";
			projectRoot = "";
			targets = (
				130BF0CB29EFB7ED00EBEC32 /* iRecipe */,
			);
		};
/* End PBXProject section */

/* Begin PBXResourcesBuildPhase section */
		130BF0CA29EFB7ED00EBEC32 /* Resources */ = {
			isa = PBXResourcesBuildPhase;
			buildActionMask = 2147483647;
			files = (
				130BF0D729EFB7EF00EBEC32 /* Preview Assets.xcassets in Resources */,
				130BF0D429EFB7EF00EBEC32 /* Assets.xcassets in Resources */,
			);
			runOnlyForDeploymentPostprocessing = 0;
		};
/* End PBXResourcesBuildPhase section */

/* Begin PBXSourcesBuildPhase section */
		130BF0C829EFB7ED00EBEC32 /* Sources */ = {
			isa = PBXSourcesBuildPhase;
			buildActionMask = 2147483647;
			files = (
				130BF0E029EFB93E00EBEC32 /* CategoriesView.swift in Sources */,
				130BF0E229EFB95200EBEC32 /* RandomView.swift in Sources */,
				130BF0ED29EFD12600EBEC32 /* NetworkService.swift in Sources */,
				130BF0E429EFB96500EBEC32 /* SavedView.swift in Sources */,
				130BF0E629EFC22F00EBEC32 /* MealResponse.swift in Sources */,
				13C4055229F10F0900CC5140 /* MealViewModel.swift in Sources */,
				130BF0D029EFB7ED00EBEC32 /* iRecipeApp.swift in Sources */,
				13C4055629F1185C00CC5140 /* MealsListView.swift in Sources */,
				13C4055829F1186E00CC5140 /* MealsListViewModel.swift in Sources */,
				13C4055429F1152A00CC5140 /* MealListResponse.swift in Sources */,
				130BF0E829EFC3F500EBEC32 /* CategoriesResponse.swift in Sources */,
				13AB1E8E29F02844006DBA7C /* MealView.swift in Sources */,
				130BF0EF29EFD2A400EBEC32 /* CategoryViewModel.swift in Sources */,
				130BF0DE29EFB8E500EBEC32 /* TabBarNavigation.swift in Sources */,
				130BF0F129EFD6E000EBEC32 /* RandomViewModel.swift in Sources */,
			);
			runOnlyForDeploymentPostprocessing = 0;
		};
/* End PBXSourcesBuildPhase section */

/* Begin XCBuildConfiguration section */
		130BF0D829EFB7EF00EBEC32 /* Debug */ = {
			isa = XCBuildConfiguration;
			buildSettings = {
				ALWAYS_SEARCH_USER_PATHS = NO;
				CLANG_ANALYZER_NONNULL = YES;
				CLANG_ANALYZER_NUMBER_OBJECT_CONVERSION = YES_AGGRESSIVE;
				CLANG_CXX_LANGUAGE_STANDARD = "gnu++20";
				CLANG_ENABLE_MODULES = YES;
				CLANG_ENABLE_OBJC_ARC = YES;
				CLANG_ENABLE_OBJC_WEAK = YES;
				CLANG_WARN_BLOCK_CAPTURE_AUTORELEASING = YES;
				CLANG_WARN_BOOL_CONVERSION = YES;
				CLANG_WARN_COMMA = YES;
				CLANG_WARN_CONSTANT_CONVERSION = YES;
				CLANG_WARN_DEPRECATED_OBJC_IMPLEMENTATIONS = YES;
				CLANG_WARN_DIRECT_OBJC_ISA_USAGE = YES_ERROR;
				CLANG_WARN_DOCUMENTATION_COMMENTS = YES;
				CLANG_WARN_EMPTY_BODY = YES;
				CLANG_WARN_ENUM_CONVERSION = YES;
				CLANG_WARN_INFINITE_RECURSION = YES;
				CLANG_WARN_INT_CONVERSION = YES;
				CLANG_WARN_NON_LITERAL_NULL_CONVERSION = YES;
				CLANG_WARN_OBJC_IMPLICIT_RETAIN_SELF = YES;
				CLANG_WARN_OBJC_LITERAL_CONVERSION = YES;
				CLANG_WARN_OBJC_ROOT_CLASS = YES_ERROR;
				CLANG_WARN_QUOTED_INCLUDE_IN_FRAMEWORK_HEADER = YES;
				CLANG_WARN_RANGE_LOOP_ANALYSIS = YES;
				CLANG_WARN_STRICT_PROTOTYPES = YES;
				CLANG_WARN_SUSPICIOUS_MOVE = YES;
				CLANG_WARN_UNGUARDED_AVAILABILITY = YES_AGGRESSIVE;
				CLANG_WARN_UNREACHABLE_CODE = YES;
				CLANG_WARN__DUPLICATE_METHOD_MATCH = YES;
				COPY_PHASE_STRIP = NO;
				DEBUG_INFORMATION_FORMAT = dwarf;
				ENABLE_STRICT_OBJC_MSGSEND = YES;
				ENABLE_TESTABILITY = YES;
				GCC_C_LANGUAGE_STANDARD = gnu11;
				GCC_DYNAMIC_NO_PIC = NO;
				GCC_NO_COMMON_BLOCKS = YES;
				GCC_OPTIMIZATION_LEVEL = 0;
				GCC_PREPROCESSOR_DEFINITIONS = (
					"DEBUG=1",
					"$(inherited)",
				);
				GCC_WARN_64_TO_32_BIT_CONVERSION = YES;
				GCC_WARN_ABOUT_RETURN_TYPE = YES_ERROR;
				GCC_WARN_UNDECLARED_SELECTOR = YES;
				GCC_WARN_UNINITIALIZED_AUTOS = YES_AGGRESSIVE;
				GCC_WARN_UNUSED_FUNCTION = YES;
				GCC_WARN_UNUSED_VARIABLE = YES;
				IPHONEOS_DEPLOYMENT_TARGET = 16.1;
				MTL_ENABLE_DEBUG_INFO = INCLUDE_SOURCE;
				MTL_FAST_MATH = YES;
				ONLY_ACTIVE_ARCH = YES;
				SDKROOT = iphoneos;
				SWIFT_ACTIVE_COMPILATION_CONDITIONS = DEBUG;
				SWIFT_OPTIMIZATION_LEVEL = "-Onone";
			};
			name = Debug;
		};
		130BF0D929EFB7EF00EBEC32 /* Release */ = {
			isa = XCBuildConfiguration;
			buildSettings = {
				ALWAYS_SEARCH_USER_PATHS = NO;
				CLANG_ANALYZER_NONNULL = YES;
				CLANG_ANALYZER_NUMBER_OBJECT_CONVERSION = YES_AGGRESSIVE;
				CLANG_CXX_LANGUAGE_STANDARD = "gnu++20";
				CLANG_ENABLE_MODULES = YES;
				CLANG_ENABLE_OBJC_ARC = YES;
				CLANG_ENABLE_OBJC_WEAK = YES;
				CLANG_WARN_BLOCK_CAPTURE_AUTORELEASING = YES;
				CLANG_WARN_BOOL_CONVERSION = YES;
				CLANG_WARN_COMMA = YES;
				CLANG_WARN_CONSTANT_CONVERSION = YES;
				CLANG_WARN_DEPRECATED_OBJC_IMPLEMENTATIONS = YES;
				CLANG_WARN_DIRECT_OBJC_ISA_USAGE = YES_ERROR;
				CLANG_WARN_DOCUMENTATION_COMMENTS = YES;
				CLANG_WARN_EMPTY_BODY = YES;
				CLANG_WARN_ENUM_CONVERSION = YES;
				CLANG_WARN_INFINITE_RECURSION = YES;
				CLANG_WARN_INT_CONVERSION = YES;
				CLANG_WARN_NON_LITERAL_NULL_CONVERSION = YES;
				CLANG_WARN_OBJC_IMPLICIT_RETAIN_SELF = YES;
				CLANG_WARN_OBJC_LITERAL_CONVERSION = YES;
				CLANG_WARN_OBJC_ROOT_CLASS = YES_ERROR;
				CLANG_WARN_QUOTED_INCLUDE_IN_FRAMEWORK_HEADER = YES;
				CLANG_WARN_RANGE_LOOP_ANALYSIS = YES;
				CLANG_WARN_STRICT_PROTOTYPES = YES;
				CLANG_WARN_SUSPICIOUS_MOVE = YES;
				CLANG_WARN_UNGUARDED_AVAILABILITY = YES_AGGRESSIVE;
				CLANG_WARN_UNREACHABLE_CODE = YES;
				CLANG_WARN__DUPLICATE_METHOD_MATCH = YES;
				COPY_PHASE_STRIP = NO;
				DEBUG_INFORMATION_FORMAT = "dwarf-with-dsym";
				ENABLE_NS_ASSERTIONS = NO;
				ENABLE_STRICT_OBJC_MSGSEND = YES;
				GCC_C_LANGUAGE_STANDARD = gnu11;
				GCC_NO_COMMON_BLOCKS = YES;
				GCC_WARN_64_TO_32_BIT_CONVERSION = YES;
				GCC_WARN_ABOUT_RETURN_TYPE = YES_ERROR;
				GCC_WARN_UNDECLARED_SELECTOR = YES;
				GCC_WARN_UNINITIALIZED_AUTOS = YES_AGGRESSIVE;
				GCC_WARN_UNUSED_FUNCTION = YES;
				GCC_WARN_UNUSED_VARIABLE = YES;
				IPHONEOS_DEPLOYMENT_TARGET = 16.1;
				MTL_ENABLE_DEBUG_INFO = NO;
				MTL_FAST_MATH = YES;
				SDKROOT = iphoneos;
				SWIFT_COMPILATION_MODE = wholemodule;
				SWIFT_OPTIMIZATION_LEVEL = "-O";
				VALIDATE_PRODUCT = YES;
			};
			name = Release;
		};
		130BF0DB29EFB7EF00EBEC32 /* Debug */ = {
			isa = XCBuildConfiguration;
			buildSettings = {
				ASSETCATALOG_COMPILER_APPICON_NAME = AppIcon;
				ASSETCATALOG_COMPILER_GLOBAL_ACCENT_COLOR_NAME = AccentColor;
				CODE_SIGN_STYLE = Automatic;
				CURRENT_PROJECT_VERSION = 1;
				DEVELOPMENT_ASSET_PATHS = "\"iRecipe/Preview Content\"";
				DEVELOPMENT_TEAM = Q8KS89WWB6;
				ENABLE_PREVIEWS = YES;
				GENERATE_INFOPLIST_FILE = YES;
				INFOPLIST_KEY_UIApplicationSceneManifest_Generation = YES;
				INFOPLIST_KEY_UIApplicationSupportsIndirectInputEvents = YES;
				INFOPLIST_KEY_UILaunchScreen_Generation = YES;
				INFOPLIST_KEY_UISupportedInterfaceOrientations_iPad = "UIInterfaceOrientationPortrait UIInterfaceOrientationPortraitUpsideDown UIInterfaceOrientationLandscapeLeft UIInterfaceOrientationLandscapeRight";
				INFOPLIST_KEY_UISupportedInterfaceOrientations_iPhone = "UIInterfaceOrientationPortrait UIInterfaceOrientationLandscapeLeft UIInterfaceOrientationLandscapeRight";
				LD_RUNPATH_SEARCH_PATHS = (
					"$(inherited)",
					"@executable_path/Frameworks",
				);
				MARKETING_VERSION = 1.0;
				PRODUCT_BUNDLE_IDENTIFIER = com.donofras.iRecipe;
				PRODUCT_NAME = "$(TARGET_NAME)";
				SWIFT_EMIT_LOC_STRINGS = YES;
				SWIFT_VERSION = 5.0;
				TARGETED_DEVICE_FAMILY = "1,2";
			};
			name = Debug;
		};
		130BF0DC29EFB7EF00EBEC32 /* Release */ = {
			isa = XCBuildConfiguration;
			buildSettings = {
				ASSETCATALOG_COMPILER_APPICON_NAME = AppIcon;
				ASSETCATALOG_COMPILER_GLOBAL_ACCENT_COLOR_NAME = AccentColor;
				CODE_SIGN_STYLE = Automatic;
				CURRENT_PROJECT_VERSION = 1;
				DEVELOPMENT_ASSET_PATHS = "\"iRecipe/Preview Content\"";
				DEVELOPMENT_TEAM = Q8KS89WWB6;
				ENABLE_PREVIEWS = YES;
				GENERATE_INFOPLIST_FILE = YES;
				INFOPLIST_KEY_UIApplicationSceneManifest_Generation = YES;
				INFOPLIST_KEY_UIApplicationSupportsIndirectInputEvents = YES;
				INFOPLIST_KEY_UILaunchScreen_Generation = YES;
				INFOPLIST_KEY_UISupportedInterfaceOrientations_iPad = "UIInterfaceOrientationPortrait UIInterfaceOrientationPortraitUpsideDown UIInterfaceOrientationLandscapeLeft UIInterfaceOrientationLandscapeRight";
				INFOPLIST_KEY_UISupportedInterfaceOrientations_iPhone = "UIInterfaceOrientationPortrait UIInterfaceOrientationLandscapeLeft UIInterfaceOrientationLandscapeRight";
				LD_RUNPATH_SEARCH_PATHS = (
					"$(inherited)",
					"@executable_path/Frameworks",
				);
				MARKETING_VERSION = 1.0;
				PRODUCT_BUNDLE_IDENTIFIER = com.donofras.iRecipe;
				PRODUCT_NAME = "$(TARGET_NAME)";
				SWIFT_EMIT_LOC_STRINGS = YES;
				SWIFT_VERSION = 5.0;
				TARGETED_DEVICE_FAMILY = "1,2";
			};
			name = Release;
		};
/* End XCBuildConfiguration section */

/* Begin XCConfigurationList section */
		130BF0C729EFB7ED00EBEC32 /* Build configuration list for PBXProject "iRecipe" */ = {
			isa = XCConfigurationList;
			buildConfigurations = (
				130BF0D829EFB7EF00EBEC32 /* Debug */,
				130BF0D929EFB7EF00EBEC32 /* Release */,
			);
			defaultConfigurationIsVisible = 0;
			defaultConfigurationName = Release;
		};
		130BF0DA29EFB7EF00EBEC32 /* Build configuration list for PBXNativeTarget "iRecipe" */ = {
			isa = XCConfigurationList;
			buildConfigurations = (
				130BF0DB29EFB7EF00EBEC32 /* Debug */,
				130BF0DC29EFB7EF00EBEC32 /* Release */,
			);
			defaultConfigurationIsVisible = 0;
			defaultConfigurationName = Release;
		};
/* End XCConfigurationList section */

/* Begin XCRemoteSwiftPackageReference section */
		130BF0E929EFD0B500EBEC32 /* XCRemoteSwiftPackageReference "Alamofire" */ = {
			isa = XCRemoteSwiftPackageReference;
			repositoryURL = "https://github.com/Alamofire/Alamofire.git";
			requirement = {
				kind = upToNextMajorVersion;
				minimumVersion = 5.6.1;
			};
		};
		130BF0F229EFDC3800EBEC32 /* XCRemoteSwiftPackageReference "Kingfisher" */ = {
			isa = XCRemoteSwiftPackageReference;
			repositoryURL = "https://github.com/onevcat/Kingfisher.git";
			requirement = {
				kind = upToNextMajorVersion;
				minimumVersion = 7.0.0;
			};
		};
		13C4056329F1703B00CC5140 /* XCRemoteSwiftPackageReference "realm-swift" */ = {
			isa = XCRemoteSwiftPackageReference;
			repositoryURL = "https://github.com/realm/realm-swift.git";
			requirement = {
				kind = upToNextMajorVersion;
				minimumVersion = 10.38.0;
			};
		};
/* End XCRemoteSwiftPackageReference section */

/* Begin XCSwiftPackageProductDependency section */
		130BF0EA29EFD0B500EBEC32 /* Alamofire */ = {
			isa = XCSwiftPackageProductDependency;
			package = 130BF0E929EFD0B500EBEC32 /* XCRemoteSwiftPackageReference "Alamofire" */;
			productName = Alamofire;
		};
		130BF0F329EFDC3800EBEC32 /* Kingfisher */ = {
			isa = XCSwiftPackageProductDependency;
			package = 130BF0F229EFDC3800EBEC32 /* XCRemoteSwiftPackageReference "Kingfisher" */;
			productName = Kingfisher;
		};
		13C4056429F1703B00CC5140 /* Realm */ = {
			isa = XCSwiftPackageProductDependency;
			package = 13C4056329F1703B00CC5140 /* XCRemoteSwiftPackageReference "realm-swift" */;
			productName = Realm;
		};
		13C4056629F1703B00CC5140 /* RealmSwift */ = {
			isa = XCSwiftPackageProductDependency;
			package = 13C4056329F1703B00CC5140 /* XCRemoteSwiftPackageReference "realm-swift" */;
			productName = RealmSwift;
		};
/* End XCSwiftPackageProductDependency section */
	};
	rootObject = 130BF0C429EFB7ED00EBEC32 /* Project object */;
}
